
Microsoft Visual Studio Solution File, Format Version 12.00
# Visual Studio 14
VisualStudioVersion = 14.0.25420.1
MinimumVisualStudioVersion = 10.0.40219.1
Project("{FAE04EC0-301F-11D3-BF4B-00C04F79EFBC}") = "Phoneword.Droid", "Phoneword\Phoneword.Droid\Phoneword.Droid.csproj", "{E0846CDC-98EE-44A0-A2D5-E453F36449E6}"
EndProject
Project("{FAE04EC0-301F-11D3-BF4B-00C04F79EFBC}") = "Phoneword.iOS", "Phoneword\Phoneword.iOS\Phoneword.iOS.csproj", "{E4EEDF3B-F328-473F-B014-58B6FDC1A7C1}"
EndProject
Project("{FAE04EC0-301F-11D3-BF4B-00C04F79EFBC}") = "Phoneword.WinPhone", "Phoneword\Phoneword.WinPhone\Phoneword.WinPhone.csproj", "{D9F16A3A-5FB4-47B4-AA0D-567B9828C8E3}"
EndProject
Project("{FAE04EC0-301F-11D3-BF4B-00C04F79EFBC}") = "Phoneword", "Phoneword\Phoneword\Phoneword.csproj", "{B6DD5543-7459-4628-82EF-903879F0DA7D}"
EndProject
Global
	GlobalSection(SolutionConfigurationPlatforms) = preSolution
		Debug|Any CPU = Debug|Any CPU
		Debug|ARM = Debug|ARM
		Debug|iPhone = Debug|iPhone
		Debug|iPhoneSimulator = Debug|iPhoneSimulator
		Debug|x86 = Debug|x86
		Release|Any CPU = Release|Any CPU
		Release|ARM = Release|ARM
		Release|iPhone = Release|iPhone
		Release|iPhoneSimulator = Release|iPhoneSimulator
		Release|x86 = Release|x86
	EndGlobalSection
	GlobalSection(ProjectConfigurationPlatforms) = postSolution
		{E0846CDC-98EE-44A0-A2D5-E453F36449E6}.Debug|Any CPU.ActiveCfg = Debug|Any CPU
		{E0846CDC-98EE-44A0-A2D5-E453F36449E6}.Debug|Any CPU.Build.0 = Debug|Any CPU
		{E0846CDC-98EE-44A0-A2D5-E453F36449E6}.Debug|Any CPU.Deploy.0 = Debug|Any CPU
		{E0846CDC-98EE-44A0-A2D5-E453F36449E6}.Debug|ARM.ActiveCfg = Debug|Any CPU
		{E0846CDC-98EE-44A0-A2D5-E453F36449E6}.Debug|ARM.Build.0 = Debug|Any CPU
		{E0846CDC-98EE-44A0-A2D5-E453F36449E6}.Debug|ARM.Deploy.0 = Debug|Any CPU
		{E0846CDC-98EE-44A0-A2D5-E453F36449E6}.Debug|iPhone.ActiveCfg = Debug|Any CPU
		{E0846CDC-98EE-44A0-A2D5-E453F36449E6}.Debug|iPhone.Build.0 = Debug|Any CPU
		{E0846CDC-98EE-44A0-A2D5-E453F36449E6}.Debug|iPhone.Deploy.0 = Debug|Any CPU
		{E0846CDC-98EE-44A0-A2D5-E453F36449E6}.Debug|iPhoneSimulator.ActiveCfg = Debug|Any CPU
		{E0846CDC-98EE-44A0-A2D5-E453F36449E6}.Debug|iPhoneSimulator.Build.0 = Debug|Any CPU
		{E0846CDC-98EE-44A0-A2D5-E453F36449E6}.Debug|iPhoneSimulator.Deploy.0 = Debug|Any CPU
		{E0846CDC-98EE-44A0-A2D5-E453F36449E6}.Debug|x86.ActiveCfg = Debug|Any CPU
		{E0846CDC-98EE-44A0-A2D5-E453F36449E6}.Debug|x86.Build.0 = Debug|Any CPU
		{E0846CDC-98EE-44A0-A2D5-E453F36449E6}.Debug|x86.Deploy.0 = Debug|Any CPU
		{E0846CDC-98EE-44A0-A2D5-E453F36449E6}.Release|Any CPU.ActiveCfg = Release|Any CPU
		{E0846CDC-98EE-44A0-A2D5-E453F36449E6}.Release|Any CPU.Build.0 = Release|Any CPU
		{E0846CDC-98EE-44A0-A2D5-E453F36449E6}.Release|Any CPU.Deploy.0 = Release|Any CPU
		{E0846CDC-98EE-44A0-A2D5-E453F36449E6}.Release|ARM.ActiveCfg = Release|Any CPU
		{E0846CDC-98EE-44A0-A2D5-E453F36449E6}.Release|ARM.Build.0 = Release|Any CPU
		{E0846CDC-98EE-44A0-A2D5-E453F36449E6}.Release|ARM.Deploy.0 = Release|Any CPU
		{E0846CDC-98EE-44A0-A2D5-E453F36449E6}.Release|iPhone.ActiveCfg = Release|Any CPU
		{E0846CDC-98EE-44A0-A2D5-E453F36449E6}.Release|iPhone.Build.0 = Release|Any CPU
		{E0846CDC-98EE-44A0-A2D5-E453F36449E6}.Release|iPhone.Deploy.0 = Release|Any CPU
		{E0846CDC-98EE-44A0-A2D5-E453F36449E6}.Release|iPhoneSimulator.ActiveCfg = Release|Any CPU
		{E0846CDC-98EE-44A0-A2D5-E453F36449E6}.Release|iPhoneSimulator.Build.0 = Release|Any CPU
		{E0846CDC-98EE-44A0-A2D5-E453F36449E6}.Release|iPhoneSimulator.Deploy.0 = Release|Any CPU
		{E0846CDC-98EE-44A0-A2D5-E453F36449E6}.Release|x86.ActiveCfg = Release|Any CPU
		{E0846CDC-98EE-44A0-A2D5-E453F36449E6}.Release|x86.Build.0 = Release|Any CPU
		{E0846CDC-98EE-44A0-A2D5-E453F36449E6}.Release|x86.Deploy.0 = Release|Any CPU
		{E4EEDF3B-F328-473F-B014-58B6FDC1A7C1}.Debug|Any CPU.ActiveCfg = Debug|iPhone
		{E4EEDF3B-F328-473F-B014-58B6FDC1A7C1}.Debug|ARM.ActiveCfg = Debug|iPhone
		{E4EEDF3B-F328-473F-B014-58B6FDC1A7C1}.Debug|iPhone.ActiveCfg = Debug|iPhone
		{E4EEDF3B-F328-473F-B014-58B6FDC1A7C1}.Debug|iPhone.Build.0 = Debug|iPhone
		{E4EEDF3B-F328-473F-B014-58B6FDC1A7C1}.Debug|iPhoneSimulator.ActiveCfg = Debug|iPhoneSimulator
		{E4EEDF3B-F328-473F-B014-58B6FDC1A7C1}.Debug|iPhoneSimulator.Build.0 = Debug|iPhoneSimulator
		{E4EEDF3B-F328-473F-B014-58B6FDC1A7C1}.Debug|x86.ActiveCfg = Debug|iPhone
		{E4EEDF3B-F328-473F-B014-58B6FDC1A7C1}.Release|Any CPU.ActiveCfg = Release|iPhone
		{E4EEDF3B-F328-473F-B014-58B6FDC1A7C1}.Release|ARM.ActiveCfg = Release|iPhone
		{E4EEDF3B-F328-473F-B014-58B6FDC1A7C1}.Release|iPhone.ActiveCfg = Release|iPhone
		{E4EEDF3B-F328-473F-B014-58B6FDC1A7C1}.Release|iPhone.Build.0 = Release|iPhone
		{E4EEDF3B-F328-473F-B014-58B6FDC1A7C1}.Release|iPhoneSimulator.ActiveCfg = Release|iPhoneSimulator
		{E4EEDF3B-F328-473F-B014-58B6FDC1A7C1}.Release|iPhoneSimulator.Build.0 = Release|iPhoneSimulator
		{E4EEDF3B-F328-473F-B014-58B6FDC1A7C1}.Release|x86.ActiveCfg = Release|iPhone
		{D9F16A3A-5FB4-47B4-AA0D-567B9828C8E3}.Debug|Any CPU.ActiveCfg = Debug|Any CPU
		{D9F16A3A-5FB4-47B4-AA0D-567B9828C8E3}.Debug|Any CPU.Build.0 = Debug|Any CPU
		{D9F16A3A-5FB4-47B4-AA0D-567B9828C8E3}.Debug|Any CPU.Deploy.0 = Debug|Any CPU
		{D9F16A3A-5FB4-47B4-AA0D-567B9828C8E3}.Debug|ARM.ActiveCfg = Debug|ARM
		{D9F16A3A-5FB4-47B4-AA0D-567B9828C8E3}.Debug|ARM.Build.0 = Debug|ARM
		{D9F16A3A-5FB4-47B4-AA0D-567B9828C8E3}.Debug|ARM.Deploy.0 = Debug|ARM
		{D9F16A3A-5FB4-47B4-AA0D-567B9828C8E3}.Debug|iPhone.ActiveCfg = Debug|Any CPU
		{D9F16A3A-5FB4-47B4-AA0D-567B9828C8E3}.Debug|iPhone.Build.0 = Debug|Any CPU
		{D9F16A3A-5FB4-47B4-AA0D-567B9828C8E3}.Debug|iPhone.Deploy.0 = Debug|Any CPU
		{D9F16A3A-5FB4-47B4-AA0D-567B9828C8E3}.Debug|iPhoneSimulator.ActiveCfg = Debug|Any CPU
		{D9F16A3A-5FB4-47B4-AA0D-567B9828C8E3}.Debug|iPhoneSimulator.Build.0 = Debug|Any CPU
		{D9F16A3A-5FB4-47B4-AA0D-567B9828C8E3}.Debug|iPhoneSimulator.Deploy.0 = Debug|Any CPU
		{D9F16A3A-5FB4-47B4-AA0D-567B9828C8E3}.Debug|x86.ActiveCfg = Debug|x86
		{D9F16A3A-5FB4-47B4-AA0D-567B9828C8E3}.Debug|x86.Build.0 = Debug|x86
		{D9F16A3A-5FB4-47B4-AA0D-567B9828C8E3}.Debug|x86.Deploy.0 = Debug|x86
		{D9F16A3A-5FB4-47B4-AA0D-567B9828C8E3}.Release|Any CPU.ActiveCfg = Release|Any CPU
		{D9F16A3A-5FB4-47B4-AA0D-567B9828C8E3}.Release|Any CPU.Build.0 = Release|Any CPU
		{D9F16A3A-5FB4-47B4-AA0D-567B9828C8E3}.Release|Any CPU.Deploy.0 = Release|Any CPU
		{D9F16A3A-5FB4-47B4-AA0D-567B9828C8E3}.Release|ARM.ActiveCfg = Release|ARM
		{D9F16A3A-5FB4-47B4-AA0D-567B9828C8E3}.Release|ARM.Build.0 = Release|ARM
		{D9F16A3A-5FB4-47B4-AA0D-567B9828C8E3}.Release|ARM.Deploy.0 = Release|ARM
		{D9F16A3A-5FB4-47B4-AA0D-567B9828C8E3}.Release|iPhone.ActiveCfg = Release|Any CPU
		{D9F16A3A-5FB4-47B4-AA0D-567B9828C8E3}.Release|iPhone.Build.0 = Release|Any CPU
		{D9F16A3A-5FB4-47B4-AA0D-567B9828C8E3}.Release|iPhone.Deploy.0 = Release|Any CPU
		{D9F16A3A-5FB4-47B4-AA0D-567B9828C8E3}.Release|iPhoneSimulator.ActiveCfg = Release|Any CPU
		{D9F16A3A-5FB4-47B4-AA0D-567B9828C8E3}.Release|iPhoneSimulator.Build.0 = Release|Any CPU
		{D9F16A3A-5FB4-47B4-AA0D-567B9828C8E3}.Release|iPhoneSimulator.Deploy.0 = Release|Any CPU
		{D9F16A3A-5FB4-47B4-AA0D-567B9828C8E3}.Release|x86.ActiveCfg = Release|x86
		{D9F16A3A-5FB4-47B4-AA0D-567B9828C8E3}.Release|x86.Build.0 = Release|x86
		{D9F16A3A-5FB4-47B4-AA0D-567B9828C8E3}.Release|x86.Deploy.0 = Release|x86
		{B6DD5543-7459-4628-82EF-903879F0DA7D}.Debug|Any CPU.ActiveCfg = Debug|Any CPU
		{B6DD5543-7459-4628-82EF-903879F0DA7D}.Debug|Any CPU.Build.0 = Debug|Any CPU
		{B6DD5543-7459-4628-82EF-903879F0DA7D}.Debug|ARM.ActiveCfg = Debug|Any CPU
		{B6DD5543-7459-4628-82EF-903879F0DA7D}.Debug|ARM.Build.0 = Debug|Any CPU
		{B6DD5543-7459-4628-82EF-903879F0DA7D}.Debug|iPhone.ActiveCfg = Debug|Any CPU
		{B6DD5543-7459-4628-82EF-903879F0DA7D}.Debug|iPhone.Build.0 = Debug|Any CPU
		{B6DD5543-7459-4628-82EF-903879F0DA7D}.Debug|iPhoneSimulator.ActiveCfg = Debug|Any CPU
		{B6DD5543-7459-4628-82EF-903879F0DA7D}.Debug|iPhoneSimulator.Build.0 = Debug|Any CPU
		{B6DD5543-7459-4628-82EF-903879F0DA7D}.Debug|x86.ActiveCfg = Debug|Any CPU
		{B6DD5543-7459-4628-82EF-903879F0DA7D}.Debug|x86.Build.0 = Debug|Any CPU
		{B6DD5543-7459-4628-82EF-903879F0DA7D}.Release|Any CPU.ActiveCfg = Release|Any CPU
		{B6DD5543-7459-4628-82EF-903879F0DA7D}.Release|Any CPU.Build.0 = Release|Any CPU
		{B6DD5543-7459-4628-82EF-903879F0DA7D}.Release|ARM.ActiveCfg = Release|Any CPU
		{B6DD5543-7459-4628-82EF-903879F0DA7D}.Release|ARM.Build.0 = Release|Any CPU
		{B6DD5543-7459-4628-82EF-903879F0DA7D}.Release|iPhone.ActiveCfg = Release|Any CPU
		{B6DD5543-7459-4628-82EF-903879F0DA7D}.Release|iPhone.Build.0 = Release|Any CPU
		{B6DD5543-7459-4628-82EF-903879F0DA7D}.Release|iPhoneSimulator.ActiveCfg = Release|Any CPU
		{B6DD5543-7459-4628-82EF-903879F0DA7D}.Release|iPhoneSimulator.Build.0 = Release|Any CPU
		{B6DD5543-7459-4628-82EF-903879F0DA7D}.Release|x86.ActiveCfg = Release|Any CPU
		{B6DD5543-7459-4628-82EF-903879F0DA7D}.Release|x86.Build.0 = Release|Any CPU
	EndGlobalSection
	GlobalSection(SolutionProperties) = preSolution
		HideSolutionNode = FALSE
	EndGlobalSection
EndGlobal
